
Microsoft Visual Studio Solution File, Format Version 12.00
# Visual Studio Version 17
VisualStudioVersion = 17.10.34928.147
MinimumVisualStudioVersion = 10.0.40219.1
Project("{FAE04EC0-301F-11D3-BF4B-00C04F79EFBC}") = "Desktop", "Desktop\Desktop.csproj", "{AC7D3F44-7779-41B7-B3E6-82DBF6FFC374}"
EndProject
Project("{FAE04EC0-301F-11D3-BF4B-00C04F79EFBC}") = "Application", "Application\Application.csproj", "{390C9498-3523-4D9D-86F0-26D1C605B41E}"
EndProject
Global
	GlobalSection(SolutionConfigurationPlatforms) = preSolution
		Debug|Any CPU = Debug|Any CPU
		Release|Any CPU = Release|Any CPU
	EndGlobalSection
	GlobalSection(ProjectConfigurationPlatforms) = postSolution
		{AC7D3F44-7779-41B7-B3E6-82DBF6FFC374}.Debug|Any CPU.ActiveCfg = Debug|Any CPU
		{AC7D3F44-7779-41B7-B3E6-82DBF6FFC374}.Debug|Any CPU.Build.0 = Debug|Any CPU
		{AC7D3F44-7779-41B7-B3E6-82DBF6FFC374}.Release|Any CPU.ActiveCfg = Release|Any CPU
		{AC7D3F44-7779-41B7-B3E6-82DBF6FFC374}.Release|Any CPU.Build.0 = Release|Any CPU
		{390C9498-3523-4D9D-86F0-26D1C605B41E}.Debug|Any CPU.ActiveCfg = Debug|Any CPU
		{390C9498-3523-4D9D-86F0-26D1C605B41E}.Debug|Any CPU.Build.0 = Debug|Any CPU
		{390C9498-3523-4D9D-86F0-26D1C605B41E}.Release|Any CPU.ActiveCfg = Release|Any CPU
		{390C9498-3523-4D9D-86F0-26D1C605B41E}.Release|Any CPU.Build.0 = Release|Any CPU
	EndGlobalSection
	GlobalSection(SolutionProperties) = preSolution
		HideSolutionNode = FALSE
	EndGlobalSection
	GlobalSection(ExtensibilityGlobals) = postSolution
		SolutionGuid = {2768CA06-C5F3-433F-BAE1-791F06CBBB10}
	EndGlobalSection
EndGlobal
